
Microsoft Visual Studio Solution File, Format Version 12.00
# Visual Studio 15
VisualStudioVersion = 15.0.26730.15
MinimumVisualStudioVersion = 10.0.40219.1
Project("{FAE04EC0-301F-11D3-BF4B-00C04F79EFBC}") = "Store", "Store\Store.csproj", "{A646DDE5-A2A4-4724-8DE0-53D72945CD26}"
EndProject
Project("{FAE04EC0-301F-11D3-BF4B-00C04F79EFBC}") = "AutoFacConfiguration", "AutoFacConfiguratio\AutoFacConfiguration.csproj", "{C3FAC5F6-7B88-4BC5-804A-9FF7557CC7E3}"
EndProject
Global
	GlobalSection(SolutionConfigurationPlatforms) = preSolution
		Debug|Any CPU = Debug|Any CPU
		Release|Any CPU = Release|Any CPU
	EndGlobalSection
	GlobalSection(ProjectConfigurationPlatforms) = postSolution
		{A646DDE5-A2A4-4724-8DE0-53D72945CD26}.Debug|Any CPU.ActiveCfg = Debug|Any CPU
		{A646DDE5-A2A4-4724-8DE0-53D72945CD26}.Debug|Any CPU.Build.0 = Debug|Any CPU
		{A646DDE5-A2A4-4724-8DE0-53D72945CD26}.Release|Any CPU.ActiveCfg = Release|Any CPU
		{A646DDE5-A2A4-4724-8DE0-53D72945CD26}.Release|Any CPU.Build.0 = Release|Any CPU
		{C3FAC5F6-7B88-4BC5-804A-9FF7557CC7E3}.Debug|Any CPU.ActiveCfg = Debug|Any CPU
		{C3FAC5F6-7B88-4BC5-804A-9FF7557CC7E3}.Debug|Any CPU.Build.0 = Debug|Any CPU
		{C3FAC5F6-7B88-4BC5-804A-9FF7557CC7E3}.Release|Any CPU.ActiveCfg = Release|Any CPU
		{C3FAC5F6-7B88-4BC5-804A-9FF7557CC7E3}.Release|Any CPU.Build.0 = Release|Any CPU
	EndGlobalSection
	GlobalSection(SolutionProperties) = preSolution
		HideSolutionNode = FALSE
	EndGlobalSection
	GlobalSection(ExtensibilityGlobals) = postSolution
		SolutionGuid = {DD7D321F-0D39-4C46-9E0D-33C15A6CE1D6}
	EndGlobalSection
EndGlobal
